// !$*UTF8*$!
{
	archiveVersion = 1;
	classes = {
	};
	objectVersion = 46;
	objects = {

/* Begin PBXBuildFile section */
		0154DB02A626499788686998 /* libPods.a in Frameworks */ = {isa = PBXBuildFile; fileRef = 893447F9A9D2FCD841C56B50 /* libPods.a */; };
		C614854D1C35D5890084F736 /* ZHPlaybackVideoViewController.m in Sources */ = {isa = PBXBuildFile; fileRef = C614854C1C35D5890084F736 /* ZHPlaybackVideoViewController.m */; };
		C61485501C35D59B0084F736 /* ZHPlaybackGIFViewController.m in Sources */ = {isa = PBXBuildFile; fileRef = C614854F1C35D59B0084F736 /* ZHPlaybackGIFViewController.m */; };
		C620869F1C2D0B3E0026B943 /* ZHFiltersViewController.m in Sources */ = {isa = PBXBuildFile; fileRef = C620869E1C2D0B3E0026B943 /* ZHFiltersViewController.m */; };
		C62086A31C2DE3F40026B943 /* ZHFilterView.m in Sources */ = {isa = PBXBuildFile; fileRef = C62086A21C2DE3F40026B943 /* ZHFilterView.m */; };
		C62086A51C2DE3FC0026B943 /* ZHFilterView.xib in Resources */ = {isa = PBXBuildFile; fileRef = C62086A41C2DE3FC0026B943 /* ZHFilterView.xib */; };
		C62086AD1C2E896D0026B943 /* UIImage+animatedGIF.m in Sources */ = {isa = PBXBuildFile; fileRef = C62086AC1C2E896C0026B943 /* UIImage+animatedGIF.m */; };
		C62086B51C2F779F0026B943 /* Settings.bundle in Resources */ = {isa = PBXBuildFile; fileRef = C62086B41C2F779F0026B943 /* Settings.bundle */; };
		C62086B91C2F7B230026B943 /* ZHShutterButton.m in Sources */ = {isa = PBXBuildFile; fileRef = C62086B81C2F7B230026B943 /* ZHShutterButton.m */; };
		C62086BE1C2F84DD0026B943 /* ZHFilter.m in Sources */ = {isa = PBXBuildFile; fileRef = C62086BD1C2F84DD0026B943 /* ZHFilter.m */; };
		C627E56A1C348162001152FD /* ZHMenuViewController.m in Sources */ = {isa = PBXBuildFile; fileRef = C627E5691C348162001152FD /* ZHMenuViewController.m */; };
		C67BACE11C3886F60049B4B4 /* ZHInAppPurchase.m in Sources */ = {isa = PBXBuildFile; fileRef = C67BACDE1C3886F60049B4B4 /* ZHInAppPurchase.m */; };
		C67BACE21C3886F60049B4B4 /* ZHInAppPurchaseIdentifier.m in Sources */ = {isa = PBXBuildFile; fileRef = C67BACE01C3886F60049B4B4 /* ZHInAppPurchaseIdentifier.m */; };
		C67BACE41C388F7A0049B4B4 /* description.txt in Resources */ = {isa = PBXBuildFile; fileRef = C67BACE31C388F7A0049B4B4 /* description.txt */; };
		C69ADCA11C2BB17200612146 /* ZHSessionsViewController.m in Sources */ = {isa = PBXBuildFile; fileRef = C69ADCA01C2BB17200612146 /* ZHSessionsViewController.m */; };
		C69ADCA41C2BB1E300612146 /* ZHOptionsTableViewController.m in Sources */ = {isa = PBXBuildFile; fileRef = C69ADCA31C2BB1E300612146 /* ZHOptionsTableViewController.m */; };
		C69ADCA91C2BCA5100612146 /* ZHUserDefaults.m in Sources */ = {isa = PBXBuildFile; fileRef = C69ADCA81C2BCA5100612146 /* ZHUserDefaults.m */; };
		C69ADCB01C2BD1D300612146 /* NSDate+ZH.m in Sources */ = {isa = PBXBuildFile; fileRef = C69ADCAB1C2BD1D300612146 /* NSDate+ZH.m */; };
		C69ADCB11C2BD1D300612146 /* UIColor+ZH.m in Sources */ = {isa = PBXBuildFile; fileRef = C69ADCAD1C2BD1D300612146 /* UIColor+ZH.m */; };
		C69ADCB21C2BD1D300612146 /* UIViewController+AlertController.m in Sources */ = {isa = PBXBuildFile; fileRef = C69ADCAF1C2BD1D300612146 /* UIViewController+AlertController.m */; };
		C69ADCB81C2BDE8800612146 /* ZHRenderer.m in Sources */ = {isa = PBXBuildFile; fileRef = C69ADCB71C2BDE8800612146 /* ZHRenderer.m */; };
		C69ADCBD1C2C90E600612146 /* ZHSessionTableViewCell.m in Sources */ = {isa = PBXBuildFile; fileRef = C69ADCBC1C2C90E600612146 /* ZHSessionTableViewCell.m */; };
		C69EB1F21C2FD274004F4807 /* ZHShutterButton.xib in Resources */ = {isa = PBXBuildFile; fileRef = C69EB1F11C2FD274004F4807 /* ZHShutterButton.xib */; };
		C69EB1FD1C30B3E4004F4807 /* ZHIntroViewController.m in Sources */ = {isa = PBXBuildFile; fileRef = C69EB1FC1C30B3E4004F4807 /* ZHIntroViewController.m */; };
		C6BBBFD11C2CBE3000FCBC3F /* ZHNavigationController.m in Sources */ = {isa = PBXBuildFile; fileRef = C6BBBFD01C2CBE3000FCBC3F /* ZHNavigationController.m */; };
		C6D4429B1C2756D700CE843E /* AppDelegate.swift in Sources */ = {isa = PBXBuildFile; fileRef = C6D4429A1C2756D700CE843E /* AppDelegate.swift */; };
		C6D442A01C2756D700CE843E /* Main.storyboard in Resources */ = {isa = PBXBuildFile; fileRef = C6D4429E1C2756D700CE843E /* Main.storyboard */; };
		C6D442A21C2756D700CE843E /* Assets.xcassets in Resources */ = {isa = PBXBuildFile; fileRef = C6D442A11C2756D700CE843E /* Assets.xcassets */; };
		C6D442A51C2756D700CE843E /* LaunchScreen.storyboard in Resources */ = {isa = PBXBuildFile; fileRef = C6D442A31C2756D700CE843E /* LaunchScreen.storyboard */; };
		C6D442B01C2756D700CE843E /* ZHTimeLapseTests.swift in Sources */ = {isa = PBXBuildFile; fileRef = C6D442AF1C2756D700CE843E /* ZHTimeLapseTests.swift */; };
		C6D442BB1C2756D700CE843E /* ZHTimeLapseUITests.swift in Sources */ = {isa = PBXBuildFile; fileRef = C6D442BA1C2756D700CE843E /* ZHTimeLapseUITests.swift */; };
		C6D442D81C28A34D00CE843E /* PHAsset+Utility.m in Sources */ = {isa = PBXBuildFile; fileRef = C6D442D71C28A34D00CE843E /* PHAsset+Utility.m */; };
		C6D442DF1C28A64200CE843E /* notes.txt in Resources */ = {isa = PBXBuildFile; fileRef = C6D442DE1C28A64200CE843E /* notes.txt */; };
		C6D442E51C28A7BD00CE843E /* ZHCaptureViewController.m in Sources */ = {isa = PBXBuildFile; fileRef = C6D442E41C28A7BD00CE843E /* ZHCaptureViewController.m */; };
		C6D442E81C28A99400CE843E /* NSTimer+Blocks.m in Sources */ = {isa = PBXBuildFile; fileRef = C6D442E71C28A99400CE843E /* NSTimer+Blocks.m */; };
		C6D442EC1C28E36B00CE843E /* ZHSession.m in Sources */ = {isa = PBXBuildFile; fileRef = C6D442EB1C28E36B00CE843E /* ZHSession.m */; };
		C6D442F01C28E39000CE843E /* ZHInputSession.m in Sources */ = {isa = PBXBuildFile; fileRef = C6D442EF1C28E39000CE843E /* ZHInputSession.m */; };
		C6D442F31C28E39B00CE843E /* ZHOutputSession.m in Sources */ = {isa = PBXBuildFile; fileRef = C6D442F21C28E39B00CE843E /* ZHOutputSession.m */; };
		C6D442F61C28E49900CE843E /* ZHFileManager.m in Sources */ = {isa = PBXBuildFile; fileRef = C6D442F51C28E49900CE843E /* ZHFileManager.m */; };
/* End PBXBuildFile section */

/* Begin PBXContainerItemProxy section */
		C6D442AC1C2756D700CE843E /* PBXContainerItemProxy */ = {
			isa = PBXContainerItemProxy;
			containerPortal = C6D4428F1C2756D700CE843E /* Project object */;
			proxyType = 1;
			remoteGlobalIDString = C6D442961C2756D700CE843E;
			remoteInfo = ZHTimeLapse;
		};
		C6D442B71C2756D700CE843E /* PBXContainerItemProxy */ = {
			isa = PBXContainerItemProxy;
			containerPortal = C6D4428F1C2756D700CE843E /* Project object */;
			proxyType = 1;
			remoteGlobalIDString = C6D442961C2756D700CE843E;
			remoteInfo = ZHTimeLapse;
		};
/* End PBXContainerItemProxy section */

/* Begin PBXFileReference section */
		457310F4E255CAF4B358112E /* Pods.release.xcconfig */ = {isa = PBXFileReference; includeInIndex = 1; lastKnownFileType = text.xcconfig; name = Pods.release.xcconfig; path = "Pods/Target Support Files/Pods/Pods.release.xcconfig"; sourceTree = "<group>"; };
		893447F9A9D2FCD841C56B50 /* libPods.a */ = {isa = PBXFileReference; explicitFileType = archive.ar; includeInIndex = 0; path = libPods.a; sourceTree = BUILT_PRODUCTS_DIR; };
		AA33167DB87EF6FE7D9B9A70 /* Pods.debug.xcconfig */ = {isa = PBXFileReference; includeInIndex = 1; lastKnownFileType = text.xcconfig; name = Pods.debug.xcconfig; path = "Pods/Target Support Files/Pods/Pods.debug.xcconfig"; sourceTree = "<group>"; };
		C614854B1C35D5890084F736 /* ZHPlaybackVideoViewController.h */ = {isa = PBXFileReference; fileEncoding = 4; lastKnownFileType = sourcecode.c.h; path = ZHPlaybackVideoViewController.h; sourceTree = "<group>"; };
		C614854C1C35D5890084F736 /* ZHPlaybackVideoViewController.m */ = {isa = PBXFileReference; fileEncoding = 4; lastKnownFileType = sourcecode.c.objc; path = ZHPlaybackVideoViewController.m; sourceTree = "<group>"; };
		C614854E1C35D59B0084F736 /* ZHPlaybackGIFViewController.h */ = {isa = PBXFileReference; fileEncoding = 4; lastKnownFileType = sourcecode.c.h; path = ZHPlaybackGIFViewController.h; sourceTree = "<group>"; };
		C614854F1C35D59B0084F736 /* ZHPlaybackGIFViewController.m */ = {isa = PBXFileReference; fileEncoding = 4; lastKnownFileType = sourcecode.c.objc; path = ZHPlaybackGIFViewController.m; sourceTree = "<group>"; };
		C620869D1C2D0B3E0026B943 /* ZHFiltersViewController.h */ = {isa = PBXFileReference; fileEncoding = 4; lastKnownFileType = sourcecode.c.h; path = ZHFiltersViewController.h; sourceTree = "<group>"; };
		C620869E1C2D0B3E0026B943 /* ZHFiltersViewController.m */ = {isa = PBXFileReference; fileEncoding = 4; lastKnownFileType = sourcecode.c.objc; path = ZHFiltersViewController.m; sourceTree = "<group>"; };
		C62086A11C2DE3F40026B943 /* ZHFilterView.h */ = {isa = PBXFileReference; fileEncoding = 4; lastKnownFileType = sourcecode.c.h; path = ZHFilterView.h; sourceTree = "<group>"; };
		C62086A21C2DE3F40026B943 /* ZHFilterView.m */ = {isa = PBXFileReference; fileEncoding = 4; lastKnownFileType = sourcecode.c.objc; path = ZHFilterView.m; sourceTree = "<group>"; };
		C62086A41C2DE3FC0026B943 /* ZHFilterView.xib */ = {isa = PBXFileReference; fileEncoding = 4; lastKnownFileType = file.xib; path = ZHFilterView.xib; sourceTree = "<group>"; };
		C62086AB1C2E896C0026B943 /* UIImage+animatedGIF.h */ = {isa = PBXFileReference; fileEncoding = 4; lastKnownFileType = sourcecode.c.h; path = "UIImage+animatedGIF.h"; sourceTree = "<group>"; };
		C62086AC1C2E896C0026B943 /* UIImage+animatedGIF.m */ = {isa = PBXFileReference; fileEncoding = 4; lastKnownFileType = sourcecode.c.objc; path = "UIImage+animatedGIF.m"; sourceTree = "<group>"; };
		C62086B41C2F779F0026B943 /* Settings.bundle */ = {isa = PBXFileReference; lastKnownFileType = "wrapper.plug-in"; path = Settings.bundle; sourceTree = "<group>"; };
		C62086B71C2F7B230026B943 /* ZHShutterButton.h */ = {isa = PBXFileReference; fileEncoding = 4; lastKnownFileType = sourcecode.c.h; path = ZHShutterButton.h; sourceTree = "<group>"; };
		C62086B81C2F7B230026B943 /* ZHShutterButton.m */ = {isa = PBXFileReference; fileEncoding = 4; lastKnownFileType = sourcecode.c.objc; path = ZHShutterButton.m; sourceTree = "<group>"; };
		C62086BC1C2F84DD0026B943 /* ZHFilter.h */ = {isa = PBXFileReference; fileEncoding = 4; lastKnownFileType = sourcecode.c.h; path = ZHFilter.h; sourceTree = "<group>"; };
		C62086BD1C2F84DD0026B943 /* ZHFilter.m */ = {isa = PBXFileReference; fileEncoding = 4; lastKnownFileType = sourcecode.c.objc; path = ZHFilter.m; sourceTree = "<group>"; };
		C627E5681C348162001152FD /* ZHMenuViewController.h */ = {isa = PBXFileReference; fileEncoding = 4; lastKnownFileType = sourcecode.c.h; path = ZHMenuViewController.h; sourceTree = "<group>"; };
		C627E5691C348162001152FD /* ZHMenuViewController.m */ = {isa = PBXFileReference; fileEncoding = 4; lastKnownFileType = sourcecode.c.objc; path = ZHMenuViewController.m; sourceTree = "<group>"; };
		C67BACDD1C3886F60049B4B4 /* ZHInAppPurchase.h */ = {isa = PBXFileReference; fileEncoding = 4; lastKnownFileType = sourcecode.c.h; path = ZHInAppPurchase.h; sourceTree = "<group>"; };
		C67BACDE1C3886F60049B4B4 /* ZHInAppPurchase.m */ = {isa = PBXFileReference; fileEncoding = 4; lastKnownFileType = sourcecode.c.objc; path = ZHInAppPurchase.m; sourceTree = "<group>"; };
		C67BACDF1C3886F60049B4B4 /* ZHInAppPurchaseIdentifier.h */ = {isa = PBXFileReference; fileEncoding = 4; lastKnownFileType = sourcecode.c.h; path = ZHInAppPurchaseIdentifier.h; sourceTree = "<group>"; };
		C67BACE01C3886F60049B4B4 /* ZHInAppPurchaseIdentifier.m */ = {isa = PBXFileReference; fileEncoding = 4; lastKnownFileType = sourcecode.c.objc; path = ZHInAppPurchaseIdentifier.m; sourceTree = "<group>"; };
		C67BACE31C388F7A0049B4B4 /* description.txt */ = {isa = PBXFileReference; fileEncoding = 4; lastKnownFileType = text; path = description.txt; sourceTree = "<group>"; };
		C69ADC9F1C2BB17200612146 /* ZHSessionsViewController.h */ = {isa = PBXFileReference; fileEncoding = 4; lastKnownFileType = sourcecode.c.h; path = ZHSessionsViewController.h; sourceTree = "<group>"; };
		C69ADCA01C2BB17200612146 /* ZHSessionsViewController.m */ = {isa = PBXFileReference; fileEncoding = 4; lastKnownFileType = sourcecode.c.objc; path = ZHSessionsViewController.m; sourceTree = "<group>"; };
		C69ADCA21C2BB1E300612146 /* ZHOptionsTableViewController.h */ = {isa = PBXFileReference; fileEncoding = 4; lastKnownFileType = sourcecode.c.h; path = ZHOptionsTableViewController.h; sourceTree = "<group>"; };
		C69ADCA31C2BB1E300612146 /* ZHOptionsTableViewController.m */ = {isa = PBXFileReference; fileEncoding = 4; lastKnownFileType = sourcecode.c.objc; path = ZHOptionsTableViewController.m; sourceTree = "<group>"; };
		C69ADCA71C2BCA5100612146 /* ZHUserDefaults.h */ = {isa = PBXFileReference; fileEncoding = 4; lastKnownFileType = sourcecode.c.h; path = ZHUserDefaults.h; sourceTree = "<group>"; };
		C69ADCA81C2BCA5100612146 /* ZHUserDefaults.m */ = {isa = PBXFileReference; fileEncoding = 4; lastKnownFileType = sourcecode.c.objc; path = ZHUserDefaults.m; sourceTree = "<group>"; };
		C69ADCAA1C2BD1D300612146 /* NSDate+ZH.h */ = {isa = PBXFileReference; fileEncoding = 4; lastKnownFileType = sourcecode.c.h; path = "NSDate+ZH.h"; sourceTree = "<group>"; };
		C69ADCAB1C2BD1D300612146 /* NSDate+ZH.m */ = {isa = PBXFileReference; fileEncoding = 4; lastKnownFileType = sourcecode.c.objc; path = "NSDate+ZH.m"; sourceTree = "<group>"; };
		C69ADCAC1C2BD1D300612146 /* UIColor+ZH.h */ = {isa = PBXFileReference; fileEncoding = 4; lastKnownFileType = sourcecode.c.h; path = "UIColor+ZH.h"; sourceTree = "<group>"; };
		C69ADCAD1C2BD1D300612146 /* UIColor+ZH.m */ = {isa = PBXFileReference; fileEncoding = 4; lastKnownFileType = sourcecode.c.objc; path = "UIColor+ZH.m"; sourceTree = "<group>"; };
		C69ADCAE1C2BD1D300612146 /* UIViewController+AlertController.h */ = {isa = PBXFileReference; fileEncoding = 4; lastKnownFileType = sourcecode.c.h; path = "UIViewController+AlertController.h"; sourceTree = "<group>"; };
		C69ADCAF1C2BD1D300612146 /* UIViewController+AlertController.m */ = {isa = PBXFileReference; fileEncoding = 4; lastKnownFileType = sourcecode.c.objc; path = "UIViewController+AlertController.m"; sourceTree = "<group>"; };
		C69ADCB61C2BDE8800612146 /* ZHRenderer.h */ = {isa = PBXFileReference; fileEncoding = 4; lastKnownFileType = sourcecode.c.h; path = ZHRenderer.h; sourceTree = "<group>"; };
		C69ADCB71C2BDE8800612146 /* ZHRenderer.m */ = {isa = PBXFileReference; fileEncoding = 4; lastKnownFileType = sourcecode.c.objc; path = ZHRenderer.m; sourceTree = "<group>"; };
		C69ADCBB1C2C90E600612146 /* ZHSessionTableViewCell.h */ = {isa = PBXFileReference; fileEncoding = 4; lastKnownFileType = sourcecode.c.h; path = ZHSessionTableViewCell.h; sourceTree = "<group>"; };
		C69ADCBC1C2C90E600612146 /* ZHSessionTableViewCell.m */ = {isa = PBXFileReference; fileEncoding = 4; lastKnownFileType = sourcecode.c.objc; path = ZHSessionTableViewCell.m; sourceTree = "<group>"; };
		C69EB1F11C2FD274004F4807 /* ZHShutterButton.xib */ = {isa = PBXFileReference; fileEncoding = 4; lastKnownFileType = file.xib; path = ZHShutterButton.xib; sourceTree = "<group>"; };
		C69EB1FB1C30B3E4004F4807 /* ZHIntroViewController.h */ = {isa = PBXFileReference; fileEncoding = 4; lastKnownFileType = sourcecode.c.h; path = ZHIntroViewController.h; sourceTree = "<group>"; };
		C69EB1FC1C30B3E4004F4807 /* ZHIntroViewController.m */ = {isa = PBXFileReference; fileEncoding = 4; lastKnownFileType = sourcecode.c.objc; path = ZHIntroViewController.m; sourceTree = "<group>"; };
		C6BBBFCF1C2CBE3000FCBC3F /* ZHNavigationController.h */ = {isa = PBXFileReference; fileEncoding = 4; lastKnownFileType = sourcecode.c.h; path = ZHNavigationController.h; sourceTree = "<group>"; };
		C6BBBFD01C2CBE3000FCBC3F /* ZHNavigationController.m */ = {isa = PBXFileReference; fileEncoding = 4; lastKnownFileType = sourcecode.c.objc; path = ZHNavigationController.m; sourceTree = "<group>"; };
		C6D1D3A11C31FD660040BCF7 /* ZHDefines.h */ = {isa = PBXFileReference; lastKnownFileType = sourcecode.c.h; path = ZHDefines.h; sourceTree = "<group>"; };
		C6D442971C2756D700CE843E /* ZHTimeLapse.app */ = {isa = PBXFileReference; explicitFileType = wrapper.application; includeInIndex = 0; path = ZHTimeLapse.app; sourceTree = BUILT_PRODUCTS_DIR; };
		C6D4429A1C2756D700CE843E /* AppDelegate.swift */ = {isa = PBXFileReference; lastKnownFileType = sourcecode.swift; path = AppDelegate.swift; sourceTree = "<group>"; };
		C6D4429F1C2756D700CE843E /* Base */ = {isa = PBXFileReference; lastKnownFileType = file.storyboard; name = Base; path = Base.lproj/Main.storyboard; sourceTree = "<group>"; };
		C6D442A11C2756D700CE843E /* Assets.xcassets */ = {isa = PBXFileReference; lastKnownFileType = folder.assetcatalog; path = Assets.xcassets; sourceTree = "<group>"; };
		C6D442A41C2756D700CE843E /* Base */ = {isa = PBXFileReference; lastKnownFileType = file.storyboard; name = Base; path = Base.lproj/LaunchScreen.storyboard; sourceTree = "<group>"; };
		C6D442A61C2756D700CE843E /* Info.plist */ = {isa = PBXFileReference; lastKnownFileType = text.plist.xml; path = Info.plist; sourceTree = "<group>"; };
		C6D442AB1C2756D700CE843E /* ZHTimeLapseTests.xctest */ = {isa = PBXFileReference; explicitFileType = wrapper.cfbundle; includeInIndex = 0; path = ZHTimeLapseTests.xctest; sourceTree = BUILT_PRODUCTS_DIR; };
		C6D442AF1C2756D700CE843E /* ZHTimeLapseTests.swift */ = {isa = PBXFileReference; lastKnownFileType = sourcecode.swift; path = ZHTimeLapseTests.swift; sourceTree = "<group>"; };
		C6D442B11C2756D700CE843E /* Info.plist */ = {isa = PBXFileReference; lastKnownFileType = text.plist.xml; path = Info.plist; sourceTree = "<group>"; };
		C6D442B61C2756D700CE843E /* ZHTimeLapseUITests.xctest */ = {isa = PBXFileReference; explicitFileType = wrapper.cfbundle; includeInIndex = 0; path = ZHTimeLapseUITests.xctest; sourceTree = BUILT_PRODUCTS_DIR; };
		C6D442BA1C2756D700CE843E /* ZHTimeLapseUITests.swift */ = {isa = PBXFileReference; lastKnownFileType = sourcecode.swift; path = ZHTimeLapseUITests.swift; sourceTree = "<group>"; };
		C6D442BC1C2756D700CE843E /* Info.plist */ = {isa = PBXFileReference; lastKnownFileType = text.plist.xml; path = Info.plist; sourceTree = "<group>"; };
		C6D442CE1C289E2700CE843E /* ZHTimeLapse-Bridging-Header.h */ = {isa = PBXFileReference; lastKnownFileType = sourcecode.c.h; path = "ZHTimeLapse-Bridging-Header.h"; sourceTree = "<group>"; };
		C6D442D61C28A34D00CE843E /* PHAsset+Utility.h */ = {isa = PBXFileReference; fileEncoding = 4; lastKnownFileType = sourcecode.c.h; path = "PHAsset+Utility.h"; sourceTree = "<group>"; };
		C6D442D71C28A34D00CE843E /* PHAsset+Utility.m */ = {isa = PBXFileReference; fileEncoding = 4; lastKnownFileType = sourcecode.c.objc; path = "PHAsset+Utility.m"; sourceTree = "<group>"; };
		C6D442DE1C28A64200CE843E /* notes.txt */ = {isa = PBXFileReference; fileEncoding = 4; lastKnownFileType = text; path = notes.txt; sourceTree = "<group>"; };
		C6D442E31C28A7BD00CE843E /* ZHCaptureViewController.h */ = {isa = PBXFileReference; fileEncoding = 4; lastKnownFileType = sourcecode.c.h; path = ZHCaptureViewController.h; sourceTree = "<group>"; };
		C6D442E41C28A7BD00CE843E /* ZHCaptureViewController.m */ = {isa = PBXFileReference; fileEncoding = 4; lastKnownFileType = sourcecode.c.objc; path = ZHCaptureViewController.m; sourceTree = "<group>"; };
		C6D442E61C28A99400CE843E /* NSTimer+Blocks.h */ = {isa = PBXFileReference; fileEncoding = 4; lastKnownFileType = sourcecode.c.h; path = "NSTimer+Blocks.h"; sourceTree = "<group>"; };
		C6D442E71C28A99400CE843E /* NSTimer+Blocks.m */ = {isa = PBXFileReference; fileEncoding = 4; lastKnownFileType = sourcecode.c.objc; path = "NSTimer+Blocks.m"; sourceTree = "<group>"; };
		C6D442EA1C28E36B00CE843E /* ZHSession.h */ = {isa = PBXFileReference; fileEncoding = 4; lastKnownFileType = sourcecode.c.h; path = ZHSession.h; sourceTree = "<group>"; };
		C6D442EB1C28E36B00CE843E /* ZHSession.m */ = {isa = PBXFileReference; fileEncoding = 4; lastKnownFileType = sourcecode.c.objc; path = ZHSession.m; sourceTree = "<group>"; };
		C6D442EE1C28E39000CE843E /* ZHInputSession.h */ = {isa = PBXFileReference; fileEncoding = 4; lastKnownFileType = sourcecode.c.h; path = ZHInputSession.h; sourceTree = "<group>"; };
		C6D442EF1C28E39000CE843E /* ZHInputSession.m */ = {isa = PBXFileReference; fileEncoding = 4; lastKnownFileType = sourcecode.c.objc; path = ZHInputSession.m; sourceTree = "<group>"; };
		C6D442F11C28E39B00CE843E /* ZHOutputSession.h */ = {isa = PBXFileReference; fileEncoding = 4; lastKnownFileType = sourcecode.c.h; path = ZHOutputSession.h; sourceTree = "<group>"; };
		C6D442F21C28E39B00CE843E /* ZHOutputSession.m */ = {isa = PBXFileReference; fileEncoding = 4; lastKnownFileType = sourcecode.c.objc; path = ZHOutputSession.m; sourceTree = "<group>"; };
		C6D442F41C28E49900CE843E /* ZHFileManager.h */ = {isa = PBXFileReference; fileEncoding = 4; lastKnownFileType = sourcecode.c.h; path = ZHFileManager.h; sourceTree = "<group>"; };
		C6D442F51C28E49900CE843E /* ZHFileManager.m */ = {isa = PBXFileReference; fileEncoding = 4; lastKnownFileType = sourcecode.c.objc; path = ZHFileManager.m; sourceTree = "<group>"; };
/* End PBXFileReference section */

/* Begin PBXFrameworksBuildPhase section */
		C6D442941C2756D700CE843E /* Frameworks */ = {
			isa = PBXFrameworksBuildPhase;
			buildActionMask = 2147483647;
			files = (
				0154DB02A626499788686998 /* libPods.a in Frameworks */,
			);
			runOnlyForDeploymentPostprocessing = 0;
		};
		C6D442A81C2756D700CE843E /* Frameworks */ = {
			isa = PBXFrameworksBuildPhase;
			buildActionMask = 2147483647;
			files = (
			);
			runOnlyForDeploymentPostprocessing = 0;
		};
		C6D442B31C2756D700CE843E /* Frameworks */ = {
			isa = PBXFrameworksBuildPhase;
			buildActionMask = 2147483647;
			files = (
			);
			runOnlyForDeploymentPostprocessing = 0;
		};
/* End PBXFrameworksBuildPhase section */

/* Begin PBXGroup section */
		C61485511C35DB930084F736 /* Playback */ = {
			isa = PBXGroup;
			children = (
				C614854B1C35D5890084F736 /* ZHPlaybackVideoViewController.h */,
				C614854C1C35D5890084F736 /* ZHPlaybackVideoViewController.m */,
				C614854E1C35D59B0084F736 /* ZHPlaybackGIFViewController.h */,
				C614854F1C35D59B0084F736 /* ZHPlaybackGIFViewController.m */,
			);
			name = Playback;
			sourceTree = "<group>";
		};
		C62086A01C2DE3E10026B943 /* Filters */ = {
			isa = PBXGroup;
			children = (
				C620869D1C2D0B3E0026B943 /* ZHFiltersViewController.h */,
				C620869E1C2D0B3E0026B943 /* ZHFiltersViewController.m */,
				C62086A61C2DE4000026B943 /* View */,
			);
			name = Filters;
			sourceTree = "<group>";
		};
		C62086A61C2DE4000026B943 /* View */ = {
			isa = PBXGroup;
			children = (
				C62086A11C2DE3F40026B943 /* ZHFilterView.h */,
				C62086A21C2DE3F40026B943 /* ZHFilterView.m */,
				C62086A41C2DE3FC0026B943 /* ZHFilterView.xib */,
			);
			name = View;
			sourceTree = "<group>";
		};
		C62086B61C2F77A50026B943 /* Settings */ = {
			isa = PBXGroup;
			children = (
				C62086B41C2F779F0026B943 /* Settings.bundle */,
			);
			name = Settings;
			sourceTree = "<group>";
		};
		C627E56B1C348167001152FD /* Menu */ = {
			isa = PBXGroup;
			children = (
				C627E5681C348162001152FD /* ZHMenuViewController.h */,
				C627E5691C348162001152FD /* ZHMenuViewController.m */,
			);
			name = Menu;
			sourceTree = "<group>";
		};
		C69ADCA61C2BC91600612146 /* Documents */ = {
			isa = PBXGroup;
			children = (
				C6D442DE1C28A64200CE843E /* notes.txt */,
				C67BACE31C388F7A0049B4B4 /* description.txt */,
			);
			name = Documents;
			sourceTree = "<group>";
		};
		C69ADCBA1C2C90D000612146 /* Sessions */ = {
			isa = PBXGroup;
			children = (
				C69ADC9F1C2BB17200612146 /* ZHSessionsViewController.h */,
				C69ADCA01C2BB17200612146 /* ZHSessionsViewController.m */,
				C6BBBFD61C2CBF4100FCBC3F /* Cell */,
			);
			name = Sessions;
			sourceTree = "<group>";
		};
		C69EB1F31C3099AB004F4807 /* View */ = {
			isa = PBXGroup;
			children = (
				C69EB1F41C3099B5004F4807 /* ShutterButton */,
			);
			name = View;
			sourceTree = "<group>";
		};
		C69EB1F41C3099B5004F4807 /* ShutterButton */ = {
			isa = PBXGroup;
			children = (
				C62086B71C2F7B230026B943 /* ZHShutterButton.h */,
				C62086B81C2F7B230026B943 /* ZHShutterButton.m */,
				C69EB1F11C2FD274004F4807 /* ZHShutterButton.xib */,
			);
			name = ShutterButton;
			sourceTree = "<group>";
		};
		C69EB1FE1C30B3E7004F4807 /* Intro */ = {
			isa = PBXGroup;
			children = (
				C69EB1FB1C30B3E4004F4807 /* ZHIntroViewController.h */,
				C69EB1FC1C30B3E4004F4807 /* ZHIntroViewController.m */,
			);
			name = Intro;
			sourceTree = "<group>";
		};
		C6BBBFD21C2CBEF000FCBC3F /* Options */ = {
			isa = PBXGroup;
			children = (
				C69ADCA21C2BB1E300612146 /* ZHOptionsTableViewController.h */,
				C69ADCA31C2BB1E300612146 /* ZHOptionsTableViewController.m */,
			);
			name = Options;
			sourceTree = "<group>";
		};
		C6BBBFD31C2CBEF400FCBC3F /* Capture */ = {
			isa = PBXGroup;
			children = (
				C6D442E31C28A7BD00CE843E /* ZHCaptureViewController.h */,
				C6D442E41C28A7BD00CE843E /* ZHCaptureViewController.m */,
				C69EB1F31C3099AB004F4807 /* View */,
			);
			name = Capture;
			sourceTree = "<group>";
		};
		C6BBBFD51C2CBF0500FCBC3F /* Navigation */ = {
			isa = PBXGroup;
			children = (
				C6BBBFCF1C2CBE3000FCBC3F /* ZHNavigationController.h */,
				C6BBBFD01C2CBE3000FCBC3F /* ZHNavigationController.m */,
			);
			name = Navigation;
			sourceTree = "<group>";
		};
		C6BBBFD61C2CBF4100FCBC3F /* Cell */ = {
			isa = PBXGroup;
			children = (
				C69ADCBB1C2C90E600612146 /* ZHSessionTableViewCell.h */,
				C69ADCBC1C2C90E600612146 /* ZHSessionTableViewCell.m */,
			);
			name = Cell;
			sourceTree = "<group>";
		};
		C6D1D3A21C31FD6A0040BCF7 /* Include */ = {
			isa = PBXGroup;
			children = (
				C6D1D3A11C31FD660040BCF7 /* ZHDefines.h */,
			);
			name = Include;
			sourceTree = "<group>";
		};
		C6D4428E1C2756D700CE843E = {
			isa = PBXGroup;
			children = (
				C6D442991C2756D700CE843E /* ZHTimeLapse */,
				C6D442AE1C2756D700CE843E /* ZHTimeLapseTests */,
				C6D442B91C2756D700CE843E /* ZHTimeLapseUITests */,
				C6D442981C2756D700CE843E /* Products */,
				C7E40C232DDEB9B00B8B8E77 /* Pods */,
				F22E2BCC89B2EC6D87935546 /* Frameworks */,
			);
			sourceTree = "<group>";
		};
		C6D442981C2756D700CE843E /* Products */ = {
			isa = PBXGroup;
			children = (
				C6D442971C2756D700CE843E /* ZHTimeLapse.app */,
				C6D442AB1C2756D700CE843E /* ZHTimeLapseTests.xctest */,
				C6D442B61C2756D700CE843E /* ZHTimeLapseUITests.xctest */,
			);
			name = Products;
			sourceTree = "<group>";
		};
		C6D442991C2756D700CE843E /* ZHTimeLapse */ = {
			isa = PBXGroup;
			children = (
				C6D442E91C28E35600CE843E /* Categories */,
				C69ADCA61C2BC91600612146 /* Documents */,
				C6D1D3A21C31FD6A0040BCF7 /* Include */,
				C6D442ED1C28E37C00CE843E /* Model */,
				C62086B61C2F77A50026B943 /* Settings */,
				C6D442D21C289E2E00CE843E /* SupportingFiles */,
				C6D442D51C289E4300CE843E /* UserInterface */,
				C6D442D31C289E3800CE843E /* Utils */,
				C6D442D41C289E3D00CE843E /* ViewControllers */,
			);
			path = ZHTimeLapse;
			sourceTree = "<group>";
		};
		C6D442AE1C2756D700CE843E /* ZHTimeLapseTests */ = {
			isa = PBXGroup;
			children = (
				C6D442AF1C2756D700CE843E /* ZHTimeLapseTests.swift */,
				C6D442B11C2756D700CE843E /* Info.plist */,
			);
			path = ZHTimeLapseTests;
			sourceTree = "<group>";
		};
		C6D442B91C2756D700CE843E /* ZHTimeLapseUITests */ = {
			isa = PBXGroup;
			children = (
				C6D442BA1C2756D700CE843E /* ZHTimeLapseUITests.swift */,
				C6D442BC1C2756D700CE843E /* Info.plist */,
			);
			path = ZHTimeLapseUITests;
			sourceTree = "<group>";
		};
		C6D442D21C289E2E00CE843E /* SupportingFiles */ = {
			isa = PBXGroup;
			children = (
				C6D4429A1C2756D700CE843E /* AppDelegate.swift */,
				C6D442A61C2756D700CE843E /* Info.plist */,
				C6D442CE1C289E2700CE843E /* ZHTimeLapse-Bridging-Header.h */,
			);
			name = SupportingFiles;
			sourceTree = "<group>";
		};
		C6D442D31C289E3800CE843E /* Utils */ = {
			isa = PBXGroup;
			children = (
				C67BACDD1C3886F60049B4B4 /* ZHInAppPurchase.h */,
				C67BACDE1C3886F60049B4B4 /* ZHInAppPurchase.m */,
				C67BACDF1C3886F60049B4B4 /* ZHInAppPurchaseIdentifier.h */,
				C67BACE01C3886F60049B4B4 /* ZHInAppPurchaseIdentifier.m */,
				C6D442F41C28E49900CE843E /* ZHFileManager.h */,
				C6D442F51C28E49900CE843E /* ZHFileManager.m */,
				C69ADCA71C2BCA5100612146 /* ZHUserDefaults.h */,
				C69ADCA81C2BCA5100612146 /* ZHUserDefaults.m */,
				C69ADCB61C2BDE8800612146 /* ZHRenderer.h */,
				C69ADCB71C2BDE8800612146 /* ZHRenderer.m */,
			);
			name = Utils;
			sourceTree = "<group>";
		};
		C6D442D41C289E3D00CE843E /* ViewControllers */ = {
			isa = PBXGroup;
			children = (
				C6BBBFD31C2CBEF400FCBC3F /* Capture */,
				C62086A01C2DE3E10026B943 /* Filters */,
				C69EB1FE1C30B3E7004F4807 /* Intro */,
				C627E56B1C348167001152FD /* Menu */,
				C6BBBFD51C2CBF0500FCBC3F /* Navigation */,
				C6BBBFD21C2CBEF000FCBC3F /* Options */,
				C61485511C35DB930084F736 /* Playback */,
				C69ADCBA1C2C90D000612146 /* Sessions */,
			);
			name = ViewControllers;
			sourceTree = "<group>";
		};
		C6D442D51C289E4300CE843E /* UserInterface */ = {
			isa = PBXGroup;
			children = (
				C6D4429E1C2756D700CE843E /* Main.storyboard */,
				C6D442A11C2756D700CE843E /* Assets.xcassets */,
				C6D442A31C2756D700CE843E /* LaunchScreen.storyboard */,
			);
			name = UserInterface;
			sourceTree = "<group>";
		};
		C6D442E91C28E35600CE843E /* Categories */ = {
			isa = PBXGroup;
			children = (
				C62086AB1C2E896C0026B943 /* UIImage+animatedGIF.h */,
				C62086AC1C2E896C0026B943 /* UIImage+animatedGIF.m */,
				C6D442E61C28A99400CE843E /* NSTimer+Blocks.h */,
				C6D442E71C28A99400CE843E /* NSTimer+Blocks.m */,
				C6D442D61C28A34D00CE843E /* PHAsset+Utility.h */,
				C6D442D71C28A34D00CE843E /* PHAsset+Utility.m */,
				C69ADCAA1C2BD1D300612146 /* NSDate+ZH.h */,
				C69ADCAB1C2BD1D300612146 /* NSDate+ZH.m */,
				C69ADCAC1C2BD1D300612146 /* UIColor+ZH.h */,
				C69ADCAD1C2BD1D300612146 /* UIColor+ZH.m */,
				C69ADCAE1C2BD1D300612146 /* UIViewController+AlertController.h */,
				C69ADCAF1C2BD1D300612146 /* UIViewController+AlertController.m */,
			);
			name = Categories;
			sourceTree = "<group>";
		};
		C6D442ED1C28E37C00CE843E /* Model */ = {
			isa = PBXGroup;
			children = (
				C6D442EA1C28E36B00CE843E /* ZHSession.h */,
				C6D442EB1C28E36B00CE843E /* ZHSession.m */,
				C6D442EE1C28E39000CE843E /* ZHInputSession.h */,
				C6D442EF1C28E39000CE843E /* ZHInputSession.m */,
				C6D442F11C28E39B00CE843E /* ZHOutputSession.h */,
				C6D442F21C28E39B00CE843E /* ZHOutputSession.m */,
				C62086BC1C2F84DD0026B943 /* ZHFilter.h */,
				C62086BD1C2F84DD0026B943 /* ZHFilter.m */,
			);
			name = Model;
			sourceTree = "<group>";
		};
		C7E40C232DDEB9B00B8B8E77 /* Pods */ = {
			isa = PBXGroup;
			children = (
				AA33167DB87EF6FE7D9B9A70 /* Pods.debug.xcconfig */,
				457310F4E255CAF4B358112E /* Pods.release.xcconfig */,
			);
			name = Pods;
			sourceTree = "<group>";
		};
		F22E2BCC89B2EC6D87935546 /* Frameworks */ = {
			isa = PBXGroup;
			children = (
				893447F9A9D2FCD841C56B50 /* libPods.a */,
			);
			name = Frameworks;
			sourceTree = "<group>";
		};
/* End PBXGroup section */

/* Begin PBXNativeTarget section */
		C6D442961C2756D700CE843E /* ZHTimeLapse */ = {
			isa = PBXNativeTarget;
			buildConfigurationList = C6D442BF1C2756D700CE843E /* Build configuration list for PBXNativeTarget "ZHTimeLapse" */;
			buildPhases = (
				6EBFC7C210196766884AE3AA /* Check Pods Manifest.lock */,
				C6D442931C2756D700CE843E /* Sources */,
				C6D442941C2756D700CE843E /* Frameworks */,
				C6D442951C2756D700CE843E /* Resources */,
				F915E41647CB1FAA6C0BDA19 /* Copy Pods Resources */,
			);
			buildRules = (
			);
			dependencies = (
			);
			name = ZHTimeLapse;
			productName = ZHTimeLapse;
			productReference = C6D442971C2756D700CE843E /* ZHTimeLapse.app */;
			productType = "com.apple.product-type.application";
		};
		C6D442AA1C2756D700CE843E /* ZHTimeLapseTests */ = {
			isa = PBXNativeTarget;
			buildConfigurationList = C6D442C21C2756D700CE843E /* Build configuration list for PBXNativeTarget "ZHTimeLapseTests" */;
			buildPhases = (
				C6D442A71C2756D700CE843E /* Sources */,
				C6D442A81C2756D700CE843E /* Frameworks */,
				C6D442A91C2756D700CE843E /* Resources */,
			);
			buildRules = (
			);
			dependencies = (
				C6D442AD1C2756D700CE843E /* PBXTargetDependency */,
			);
			name = ZHTimeLapseTests;
			productName = ZHTimeLapseTests;
			productReference = C6D442AB1C2756D700CE843E /* ZHTimeLapseTests.xctest */;
			productType = "com.apple.product-type.bundle.unit-test";
		};
		C6D442B51C2756D700CE843E /* ZHTimeLapseUITests */ = {
			isa = PBXNativeTarget;
			buildConfigurationList = C6D442C51C2756D700CE843E /* Build configuration list for PBXNativeTarget "ZHTimeLapseUITests" */;
			buildPhases = (
				C6D442B21C2756D700CE843E /* Sources */,
				C6D442B31C2756D700CE843E /* Frameworks */,
				C6D442B41C2756D700CE843E /* Resources */,
			);
			buildRules = (
			);
			dependencies = (
				C6D442B81C2756D700CE843E /* PBXTargetDependency */,
			);
			name = ZHTimeLapseUITests;
			productName = ZHTimeLapseUITests;
			productReference = C6D442B61C2756D700CE843E /* ZHTimeLapseUITests.xctest */;
			productType = "com.apple.product-type.bundle.ui-testing";
		};
/* End PBXNativeTarget section */

/* Begin PBXProject section */
		C6D4428F1C2756D700CE843E /* Project object */ = {
			isa = PBXProject;
			attributes = {
				LastSwiftUpdateCheck = 0720;
				LastUpgradeCheck = 0720;
				ORGANIZATIONNAME = "Zakk Hoyt";
				TargetAttributes = {
					C6D442961C2756D700CE843E = {
						CreatedOnToolsVersion = 7.2;
						DevelopmentTeam = J7U74N85YF;
					};
					C6D442AA1C2756D700CE843E = {
						CreatedOnToolsVersion = 7.2;
						TestTargetID = C6D442961C2756D700CE843E;
					};
					C6D442B51C2756D700CE843E = {
						CreatedOnToolsVersion = 7.2;
						TestTargetID = C6D442961C2756D700CE843E;
					};
				};
			};
			buildConfigurationList = C6D442921C2756D700CE843E /* Build configuration list for PBXProject "ZHTimeLapse" */;
			compatibilityVersion = "Xcode 3.2";
			developmentRegion = English;
			hasScannedForEncodings = 0;
			knownRegions = (
				en,
				Base,
			);
			mainGroup = C6D4428E1C2756D700CE843E;
			productRefGroup = C6D442981C2756D700CE843E /* Products */;
			projectDirPath = "";
			projectRoot = "";
			targets = (
				C6D442961C2756D700CE843E /* ZHTimeLapse */,
				C6D442AA1C2756D700CE843E /* ZHTimeLapseTests */,
				C6D442B51C2756D700CE843E /* ZHTimeLapseUITests */,
			);
		};
/* End PBXProject section */

/* Begin PBXResourcesBuildPhase section */
		C6D442951C2756D700CE843E /* Resources */ = {
			isa = PBXResourcesBuildPhase;
			buildActionMask = 2147483647;
			files = (
				C6D442A51C2756D700CE843E /* LaunchScreen.storyboard in Resources */,
				C67BACE41C388F7A0049B4B4 /* description.txt in Resources */,
				C6D442A21C2756D700CE843E /* Assets.xcassets in Resources */,
				C62086A51C2DE3FC0026B943 /* ZHFilterView.xib in Resources */,
				C6D442A01C2756D700CE843E /* Main.storyboard in Resources */,
				C69EB1F21C2FD274004F4807 /* ZHShutterButton.xib in Resources */,
				C62086B51C2F779F0026B943 /* Settings.bundle in Resources */,
				C6D442DF1C28A64200CE843E /* notes.txt in Resources */,
			);
			runOnlyForDeploymentPostprocessing = 0;
		};
		C6D442A91C2756D700CE843E /* Resources */ = {
			isa = PBXResourcesBuildPhase;
			buildActionMask = 2147483647;
			files = (
			);
			runOnlyForDeploymentPostprocessing = 0;
		};
		C6D442B41C2756D700CE843E /* Resources */ = {
			isa = PBXResourcesBuildPhase;
			buildActionMask = 2147483647;
			files = (
			);
			runOnlyForDeploymentPostprocessing = 0;
		};
/* End PBXResourcesBuildPhase section */

/* Begin PBXShellScriptBuildPhase section */
		6EBFC7C210196766884AE3AA /* Check Pods Manifest.lock */ = {
			isa = PBXShellScriptBuildPhase;
			buildActionMask = 2147483647;
			files = (
			);
			inputPaths = (
			);
			name = "Check Pods Manifest.lock";
			outputPaths = (
			);
			runOnlyForDeploymentPostprocessing = 0;
			shellPath = /bin/sh;
			shellScript = "diff \"${PODS_ROOT}/../Podfile.lock\" \"${PODS_ROOT}/Manifest.lock\" > /dev/null\nif [[ $? != 0 ]] ; then\n    cat << EOM\nerror: The sandbox is not in sync with the Podfile.lock. Run 'pod install' or update your CocoaPods installation.\nEOM\n    exit 1\nfi\n";
			showEnvVarsInLog = 0;
		};
		F915E41647CB1FAA6C0BDA19 /* Copy Pods Resources */ = {
			isa = PBXShellScriptBuildPhase;
			buildActionMask = 2147483647;
			files = (
			);
			inputPaths = (
			);
			name = "Copy Pods Resources";
			outputPaths = (
			);
			runOnlyForDeploymentPostprocessing = 0;
			shellPath = /bin/sh;
			shellScript = "\"${SRCROOT}/Pods/Target Support Files/Pods/Pods-resources.sh\"\n";
			showEnvVarsInLog = 0;
		};
/* End PBXShellScriptBuildPhase section */

/* Begin PBXSourcesBuildPhase section */
		C6D442931C2756D700CE843E /* Sources */ = {
			isa = PBXSourcesBuildPhase;
			buildActionMask = 2147483647;
			files = (
				C69ADCA91C2BCA5100612146 /* ZHUserDefaults.m in Sources */,
				C62086BE1C2F84DD0026B943 /* ZHFilter.m in Sources */,
				C61485501C35D59B0084F736 /* ZHPlaybackGIFViewController.m in Sources */,
				C69ADCB11C2BD1D300612146 /* UIColor+ZH.m in Sources */,
				C69EB1FD1C30B3E4004F4807 /* ZHIntroViewController.m in Sources */,
				C69ADCB21C2BD1D300612146 /* UIViewController+AlertController.m in Sources */,
				C6D442D81C28A34D00CE843E /* PHAsset+Utility.m in Sources */,
				C69ADCB81C2BDE8800612146 /* ZHRenderer.m in Sources */,
				C69ADCA11C2BB17200612146 /* ZHSessionsViewController.m in Sources */,
				C67BACE11C3886F60049B4B4 /* ZHInAppPurchase.m in Sources */,
				C69ADCBD1C2C90E600612146 /* ZHSessionTableViewCell.m in Sources */,
				C6D442EC1C28E36B00CE843E /* ZHSession.m in Sources */,
				C6D442F01C28E39000CE843E /* ZHInputSession.m in Sources */,
				C62086A31C2DE3F40026B943 /* ZHFilterView.m in Sources */,
				C6D4429B1C2756D700CE843E /* AppDelegate.swift in Sources */,
				C69ADCA41C2BB1E300612146 /* ZHOptionsTableViewController.m in Sources */,
				C62086B91C2F7B230026B943 /* ZHShutterButton.m in Sources */,
				C6D442F61C28E49900CE843E /* ZHFileManager.m in Sources */,
				C614854D1C35D5890084F736 /* ZHPlaybackVideoViewController.m in Sources */,
				C62086AD1C2E896D0026B943 /* UIImage+animatedGIF.m in Sources */,
				C6BBBFD11C2CBE3000FCBC3F /* ZHNavigationController.m in Sources */,
				C6D442E51C28A7BD00CE843E /* ZHCaptureViewController.m in Sources */,
				C620869F1C2D0B3E0026B943 /* ZHFiltersViewController.m in Sources */,
				C6D442F31C28E39B00CE843E /* ZHOutputSession.m in Sources */,
				C69ADCB01C2BD1D300612146 /* NSDate+ZH.m in Sources */,
				C6D442E81C28A99400CE843E /* NSTimer+Blocks.m in Sources */,
				C67BACE21C3886F60049B4B4 /* ZHInAppPurchaseIdentifier.m in Sources */,
				C627E56A1C348162001152FD /* ZHMenuViewController.m in Sources */,
			);
			runOnlyForDeploymentPostprocessing = 0;
		};
		C6D442A71C2756D700CE843E /* Sources */ = {
			isa = PBXSourcesBuildPhase;
			buildActionMask = 2147483647;
			files = (
				C6D442B01C2756D700CE843E /* ZHTimeLapseTests.swift in Sources */,
			);
			runOnlyForDeploymentPostprocessing = 0;
		};
		C6D442B21C2756D700CE843E /* Sources */ = {
			isa = PBXSourcesBuildPhase;
			buildActionMask = 2147483647;
			files = (
				C6D442BB1C2756D700CE843E /* ZHTimeLapseUITests.swift in Sources */,
			);
			runOnlyForDeploymentPostprocessing = 0;
		};
/* End PBXSourcesBuildPhase section */

/* Begin PBXTargetDependency section */
		C6D442AD1C2756D700CE843E /* PBXTargetDependency */ = {
			isa = PBXTargetDependency;
			target = C6D442961C2756D700CE843E /* ZHTimeLapse */;
			targetProxy = C6D442AC1C2756D700CE843E /* PBXContainerItemProxy */;
		};
		C6D442B81C2756D700CE843E /* PBXTargetDependency */ = {
			isa = PBXTargetDependency;
			target = C6D442961C2756D700CE843E /* ZHTimeLapse */;
			targetProxy = C6D442B71C2756D700CE843E /* PBXContainerItemProxy */;
		};
/* End PBXTargetDependency section */

/* Begin PBXVariantGroup section */
		C6D4429E1C2756D700CE843E /* Main.storyboard */ = {
			isa = PBXVariantGroup;
			children = (
				C6D4429F1C2756D700CE843E /* Base */,
			);
			name = Main.storyboard;
			sourceTree = "<group>";
		};
		C6D442A31C2756D700CE843E /* LaunchScreen.storyboard */ = {
			isa = PBXVariantGroup;
			children = (
				C6D442A41C2756D700CE843E /* Base */,
			);
			name = LaunchScreen.storyboard;
			sourceTree = "<group>";
		};
/* End PBXVariantGroup section */

/* Begin XCBuildConfiguration section */
		C6D442BD1C2756D700CE843E /* Debug */ = {
			isa = XCBuildConfiguration;
			buildSettings = {
				ALWAYS_SEARCH_USER_PATHS = NO;
				CLANG_CXX_LANGUAGE_STANDARD = "gnu++0x";
				CLANG_CXX_LIBRARY = "libc++";
				CLANG_ENABLE_MODULES = YES;
				CLANG_ENABLE_OBJC_ARC = YES;
				CLANG_WARN_BOOL_CONVERSION = YES;
				CLANG_WARN_CONSTANT_CONVERSION = YES;
				CLANG_WARN_DIRECT_OBJC_ISA_USAGE = YES_ERROR;
				CLANG_WARN_EMPTY_BODY = YES;
				CLANG_WARN_ENUM_CONVERSION = YES;
				CLANG_WARN_INT_CONVERSION = YES;
				CLANG_WARN_OBJC_ROOT_CLASS = YES_ERROR;
				CLANG_WARN_UNREACHABLE_CODE = YES;
				CLANG_WARN__DUPLICATE_METHOD_MATCH = YES;
				CODE_SIGN_IDENTITY = "iPhone Developer";
				"CODE_SIGN_IDENTITY[sdk=iphoneos*]" = "iPhone Developer";
				COPY_PHASE_STRIP = NO;
				DEBUG_INFORMATION_FORMAT = dwarf;
				ENABLE_STRICT_OBJC_MSGSEND = YES;
				ENABLE_TESTABILITY = YES;
				GCC_C_LANGUAGE_STANDARD = gnu99;
				GCC_DYNAMIC_NO_PIC = NO;
				GCC_NO_COMMON_BLOCKS = YES;
				GCC_OPTIMIZATION_LEVEL = 0;
				GCC_PREPROCESSOR_DEFINITIONS = (
					"DEBUG=1",
					"$(inherited)",
				);
				GCC_WARN_64_TO_32_BIT_CONVERSION = YES;
				GCC_WARN_ABOUT_RETURN_TYPE = YES_ERROR;
				GCC_WARN_UNDECLARED_SELECTOR = YES;
				GCC_WARN_UNINITIALIZED_AUTOS = YES_AGGRESSIVE;
				GCC_WARN_UNUSED_FUNCTION = YES;
				GCC_WARN_UNUSED_VARIABLE = YES;
				IPHONEOS_DEPLOYMENT_TARGET = 9.0;
				MTL_ENABLE_DEBUG_INFO = YES;
				ONLY_ACTIVE_ARCH = YES;
				SDKROOT = iphoneos;
				SWIFT_OPTIMIZATION_LEVEL = "-Onone";
				TARGETED_DEVICE_FAMILY = "1,2";
			};
			name = Debug;
		};
		C6D442BE1C2756D700CE843E /* Release */ = {
			isa = XCBuildConfiguration;
			buildSettings = {
				ALWAYS_SEARCH_USER_PATHS = NO;
				CLANG_CXX_LANGUAGE_STANDARD = "gnu++0x";
				CLANG_CXX_LIBRARY = "libc++";
				CLANG_ENABLE_MODULES = YES;
				CLANG_ENABLE_OBJC_ARC = YES;
				CLANG_WARN_BOOL_CONVERSION = YES;
				CLANG_WARN_CONSTANT_CONVERSION = YES;
				CLANG_WARN_DIRECT_OBJC_ISA_USAGE = YES_ERROR;
				CLANG_WARN_EMPTY_BODY = YES;
				CLANG_WARN_ENUM_CONVERSION = YES;
				CLANG_WARN_INT_CONVERSION = YES;
				CLANG_WARN_OBJC_ROOT_CLASS = YES_ERROR;
				CLANG_WARN_UNREACHABLE_CODE = YES;
				CLANG_WARN__DUPLICATE_METHOD_MATCH = YES;
				CODE_SIGN_IDENTITY = "iPhone Developer";
				"CODE_SIGN_IDENTITY[sdk=iphoneos*]" = "iPhone Developer";
				COPY_PHASE_STRIP = NO;
				DEBUG_INFORMATION_FORMAT = "dwarf-with-dsym";
				ENABLE_NS_ASSERTIONS = NO;
				ENABLE_STRICT_OBJC_MSGSEND = YES;
				GCC_C_LANGUAGE_STANDARD = gnu99;
				GCC_NO_COMMON_BLOCKS = YES;
				GCC_WARN_64_TO_32_BIT_CONVERSION = YES;
				GCC_WARN_ABOUT_RETURN_TYPE = YES_ERROR;
				GCC_WARN_UNDECLARED_SELECTOR = YES;
				GCC_WARN_UNINITIALIZED_AUTOS = YES_AGGRESSIVE;
				GCC_WARN_UNUSED_FUNCTION = YES;
				GCC_WARN_UNUSED_VARIABLE = YES;
				IPHONEOS_DEPLOYMENT_TARGET = 9.0;
				MTL_ENABLE_DEBUG_INFO = NO;
				SDKROOT = iphoneos;
				TARGETED_DEVICE_FAMILY = "1,2";
				VALIDATE_PRODUCT = YES;
			};
			name = Release;
		};
		C6D442C01C2756D700CE843E /* Debug */ = {
			isa = XCBuildConfiguration;
			baseConfigurationReference = AA33167DB87EF6FE7D9B9A70 /* Pods.debug.xcconfig */;
			buildSettings = {
				ASSETCATALOG_COMPILER_APPICON_NAME = AppIcon;
				CLANG_ENABLE_MODULES = YES;
				CODE_SIGN_IDENTITY = "iPhone Developer";
				GCC_PRECOMPILE_PREFIX_HEADER = NO;
				INFOPLIST_FILE = ZHTimeLapse/Info.plist;
				IPHONEOS_DEPLOYMENT_TARGET = 9.0;
				LD_RUNPATH_SEARCH_PATHS = "$(inherited) @executable_path/Frameworks";
				PRODUCT_BUNDLE_IDENTIFIER = com.vaporwarewolf.ZHTimeLapse;
				PRODUCT_NAME = "$(TARGET_NAME)";
				SWIFT_OBJC_BRIDGING_HEADER = "ZHTimeLapse/ZHTimeLapse-Bridging-Header.h";
				SWIFT_OPTIMIZATION_LEVEL = "-Onone";
				TARGETED_DEVICE_FAMILY = 1;
			};
			name = Debug;
		};
		C6D442C11C2756D700CE843E /* Release */ = {
			isa = XCBuildConfiguration;
			baseConfigurationReference = 457310F4E255CAF4B358112E /* Pods.release.xcconfig */;
			buildSettings = {
				ASSETCATALOG_COMPILER_APPICON_NAME = AppIcon;
				CLANG_ENABLE_MODULES = YES;
				CODE_SIGN_IDENTITY = "iPhone Developer";
				GCC_PRECOMPILE_PREFIX_HEADER = NO;
				INFOPLIST_FILE = ZHTimeLapse/Info.plist;
				IPHONEOS_DEPLOYMENT_TARGET = 9.0;
				LD_RUNPATH_SEARCH_PATHS = "$(inherited) @executable_path/Frameworks";
				PRODUCT_BUNDLE_IDENTIFIER = com.vaporwarewolf.ZHTimeLapse;
				PRODUCT_NAME = "$(TARGET_NAME)";
				SWIFT_OBJC_BRIDGING_HEADER = "ZHTimeLapse/ZHTimeLapse-Bridging-Header.h";
				TARGETED_DEVICE_FAMILY = 1;
			};
			name = Release;
		};
		C6D442C31C2756D700CE843E /* Debug */ = {
			isa = XCBuildConfiguration;
			buildSettings = {
				BUNDLE_LOADER = "$(TEST_HOST)";
				INFOPLIST_FILE = ZHTimeLapseTests/Info.plist;
				LD_RUNPATH_SEARCH_PATHS = "$(inherited) @executable_path/Frameworks @loader_path/Frameworks";
				PRODUCT_BUNDLE_IDENTIFIER = com.vaporwarewolf.ZHTimeLapseTests;
				PRODUCT_NAME = "$(TARGET_NAME)";
				TEST_HOST = "$(BUILT_PRODUCTS_DIR)/ZHTimeLapse.app/ZHTimeLapse";
			};
			name = Debug;
		};
		C6D442C41C2756D700CE843E /* Release */ = {
			isa = XCBuildConfiguration;
			buildSettings = {
				BUNDLE_LOADER = "$(TEST_HOST)";
				INFOPLIST_FILE = ZHTimeLapseTests/Info.plist;
				LD_RUNPATH_SEARCH_PATHS = "$(inherited) @executable_path/Frameworks @loader_path/Frameworks";
				PRODUCT_BUNDLE_IDENTIFIER = com.vaporwarewolf.ZHTimeLapseTests;
				PRODUCT_NAME = "$(TARGET_NAME)";
				TEST_HOST = "$(BUILT_PRODUCTS_DIR)/ZHTimeLapse.app/ZHTimeLapse";
			};
			name = Release;
		};
		C6D442C61C2756D700CE843E /* Debug */ = {
			isa = XCBuildConfiguration;
			buildSettings = {
				INFOPLIST_FILE = ZHTimeLapseUITests/Info.plist;
				LD_RUNPATH_SEARCH_PATHS = "$(inherited) @executable_path/Frameworks @loader_path/Frameworks";
				PRODUCT_BUNDLE_IDENTIFIER = com.vaporwarewolf.ZHTimeLapseUITests;
				PRODUCT_NAME = "$(TARGET_NAME)";
				TEST_TARGET_NAME = ZHTimeLapse;
				USES_XCTRUNNER = YES;
			};
			name = Debug;
		};
		C6D442C71C2756D700CE843E /* Release */ = {
			isa = XCBuildConfiguration;
			buildSettings = {
				INFOPLIST_FILE = ZHTimeLapseUITests/Info.plist;
				LD_RUNPATH_SEARCH_PATHS = "$(inherited) @executable_path/Frameworks @loader_path/Frameworks";
				PRODUCT_BUNDLE_IDENTIFIER = com.vaporwarewolf.ZHTimeLapseUITests;
				PRODUCT_NAME = "$(TARGET_NAME)";
				TEST_TARGET_NAME = ZHTimeLapse;
				USES_XCTRUNNER = YES;
			};
			name = Release;
		};
/* End XCBuildConfiguration section */

/* Begin XCConfigurationList section */
		C6D442921C2756D700CE843E /* Build configuration list for PBXProject "ZHTimeLapse" */ = {
			isa = XCConfigurationList;
			buildConfigurations = (
				C6D442BD1C2756D700CE843E /* Debug */,
				C6D442BE1C2756D700CE843E /* Release */,
			);
			defaultConfigurationIsVisible = 0;
			defaultConfigurationName = Release;
		};
		C6D442BF1C2756D700CE843E /* Build configuration list for PBXNativeTarget "ZHTimeLapse" */ = {
			isa = XCConfigurationList;
			buildConfigurations = (
				C6D442C01C2756D700CE843E /* Debug */,
				C6D442C11C2756D700CE843E /* Release */,
			);
			defaultConfigurationIsVisible = 0;
			defaultConfigurationName = Release;
		};
		C6D442C21C2756D700CE843E /* Build configuration list for PBXNativeTarget "ZHTimeLapseTests" */ = {
			isa = XCConfigurationList;
			buildConfigurations = (
				C6D442C31C2756D700CE843E /* Debug */,
				C6D442C41C2756D700CE843E /* Release */,
			);
			defaultConfigurationIsVisible = 0;
			defaultConfigurationName = Release;
		};
		C6D442C51C2756D700CE843E /* Build configuration list for PBXNativeTarget "ZHTimeLapseUITests" */ = {
			isa = XCConfigurationList;
			buildConfigurations = (
				C6D442C61C2756D700CE843E /* Debug */,
				C6D442C71C2756D700CE843E /* Release */,
			);
			defaultConfigurationIsVisible = 0;
			defaultConfigurationName = Release;
		};
/* End XCConfigurationList section */
	};
	rootObject = C6D4428F1C2756D700CE843E /* Project object */;
}
